
Microsoft Visual Studio Solution File, Format Version 12.00
# Visual Studio 14
VisualStudioVersion = 14.0.23107.0
MinimumVisualStudioVersion = 10.0.40219.1
Project("{FAE04EC0-301F-11D3-BF4B-00C04F79EFBC}") = "HRPortal.BLL", "HRPortal.BLL\HRPortal.BLL.csproj", "{FB1118B7-1FF2-47DC-BDF8-F0D47E6753ED}"
EndProject
Project("{FAE04EC0-301F-11D3-BF4B-00C04F79EFBC}") = "HRPortal.DLL", "HRPortal.DLL\HRPortal.DLL.csproj", "{060DB66C-5D38-4AD4-B831-0AA06FDC45CF}"
EndProject
Project("{FAE04EC0-301F-11D3-BF4B-00C04F79EFBC}") = "HRPortal.WebUI", "HRPortal.WebUI\HRPortal.WebUI.csproj", "{9835D2F8-E23D-45E8-80F9-62E78ACCB10F}"
EndProject
Project("{FAE04EC0-301F-11D3-BF4B-00C04F79EFBC}") = "HRPortal.Models", "HRPortal.Models\HRPortal.Models.csproj", "{1A6D30DD-605E-426E-A709-525C1F8EF7EE}"
EndProject
Project("{FAE04EC0-301F-11D3-BF4B-00C04F79EFBC}") = "HRPortal.DLLTests", "HRPortal.DLLTests\HRPortal.DLLTests.csproj", "{6A4CFBBA-D476-47D7-BA09-2FD4A55FEAA5}"
EndProject
Global
	GlobalSection(SolutionConfigurationPlatforms) = preSolution
		Debug|Any CPU = Debug|Any CPU
		Release|Any CPU = Release|Any CPU
	EndGlobalSection
	GlobalSection(ProjectConfigurationPlatforms) = postSolution
		{FB1118B7-1FF2-47DC-BDF8-F0D47E6753ED}.Debug|Any CPU.ActiveCfg = Debug|Any CPU
		{FB1118B7-1FF2-47DC-BDF8-F0D47E6753ED}.Debug|Any CPU.Build.0 = Debug|Any CPU
		{FB1118B7-1FF2-47DC-BDF8-F0D47E6753ED}.Release|Any CPU.ActiveCfg = Release|Any CPU
		{FB1118B7-1FF2-47DC-BDF8-F0D47E6753ED}.Release|Any CPU.Build.0 = Release|Any CPU
		{060DB66C-5D38-4AD4-B831-0AA06FDC45CF}.Debug|Any CPU.ActiveCfg = Debug|Any CPU
		{060DB66C-5D38-4AD4-B831-0AA06FDC45CF}.Debug|Any CPU.Build.0 = Debug|Any CPU
		{060DB66C-5D38-4AD4-B831-0AA06FDC45CF}.Release|Any CPU.ActiveCfg = Release|Any CPU
		{060DB66C-5D38-4AD4-B831-0AA06FDC45CF}.Release|Any CPU.Build.0 = Release|Any CPU
		{9835D2F8-E23D-45E8-80F9-62E78ACCB10F}.Debug|Any CPU.ActiveCfg = Debug|Any CPU
		{9835D2F8-E23D-45E8-80F9-62E78ACCB10F}.Debug|Any CPU.Build.0 = Debug|Any CPU
		{9835D2F8-E23D-45E8-80F9-62E78ACCB10F}.Release|Any CPU.ActiveCfg = Release|Any CPU
		{9835D2F8-E23D-45E8-80F9-62E78ACCB10F}.Release|Any CPU.Build.0 = Release|Any CPU
		{1A6D30DD-605E-426E-A709-525C1F8EF7EE}.Debug|Any CPU.ActiveCfg = Debug|Any CPU
		{1A6D30DD-605E-426E-A709-525C1F8EF7EE}.Debug|Any CPU.Build.0 = Debug|Any CPU
		{1A6D30DD-605E-426E-A709-525C1F8EF7EE}.Release|Any CPU.ActiveCfg = Release|Any CPU
		{1A6D30DD-605E-426E-A709-525C1F8EF7EE}.Release|Any CPU.Build.0 = Release|Any CPU
		{6A4CFBBA-D476-47D7-BA09-2FD4A55FEAA5}.Debug|Any CPU.ActiveCfg = Debug|Any CPU
		{6A4CFBBA-D476-47D7-BA09-2FD4A55FEAA5}.Debug|Any CPU.Build.0 = Debug|Any CPU
		{6A4CFBBA-D476-47D7-BA09-2FD4A55FEAA5}.Release|Any CPU.ActiveCfg = Release|Any CPU
		{6A4CFBBA-D476-47D7-BA09-2FD4A55FEAA5}.Release|Any CPU.Build.0 = Release|Any CPU
	EndGlobalSection
	GlobalSection(SolutionProperties) = preSolution
		HideSolutionNode = FALSE
	EndGlobalSection
EndGlobal
